// !$*UTF8*$!
{
	archiveVersion = 1;
	classes = {
	};
	objectVersion = 55;
	objects = {

/* Begin PBXBuildFile section */
		900890E127ED4D61009C364D /* _ColumnPreviewCardComponentApp.swift in Sources */ = {isa = PBXBuildFile; fileRef = 900890D127ED4D60009C364D /* _ColumnPreviewCardComponentApp.swift */; };
		900890E227ED4D61009C364D /* _ColumnPreviewCardComponentApp.swift in Sources */ = {isa = PBXBuildFile; fileRef = 900890D127ED4D60009C364D /* _ColumnPreviewCardComponentApp.swift */; };
		900890E327ED4D61009C364D /* ContentView.swift in Sources */ = {isa = PBXBuildFile; fileRef = 900890D227ED4D60009C364D /* ContentView.swift */; };
		900890E427ED4D61009C364D /* ContentView.swift in Sources */ = {isa = PBXBuildFile; fileRef = 900890D227ED4D60009C364D /* ContentView.swift */; };
		900890E527ED4D61009C364D /* Assets.xcassets in Resources */ = {isa = PBXBuildFile; fileRef = 900890D327ED4D61009C364D /* Assets.xcassets */; };
		900890E627ED4D61009C364D /* Assets.xcassets in Resources */ = {isa = PBXBuildFile; fileRef = 900890D327ED4D61009C364D /* Assets.xcassets */; };
		900890F127ED4E0B009C364D /* LexendDeca.ttf in Resources */ = {isa = PBXBuildFile; fileRef = 900890F027ED4E0B009C364D /* LexendDeca.ttf */; };
		900890F327ED4E17009C364D /* BigShouldersDisplay.ttf in Resources */ = {isa = PBXBuildFile; fileRef = 900890F227ED4E17009C364D /* BigShouldersDisplay.ttf */; };
		900890F727ED508E009C364D /* Container.swift in Sources */ = {isa = PBXBuildFile; fileRef = 900890F627ED508E009C364D /* Container.swift */; };
		900890F927ED50C0009C364D /* Item.swift in Sources */ = {isa = PBXBuildFile; fileRef = 900890F827ED50C0009C364D /* Item.swift */; };
/* End PBXBuildFile section */

/* Begin PBXFileReference section */
		900890D127ED4D60009C364D /* _ColumnPreviewCardComponentApp.swift */ = {isa = PBXFileReference; lastKnownFileType = sourcecode.swift; path = _ColumnPreviewCardComponentApp.swift; sourceTree = "<group>"; };
		900890D227ED4D60009C364D /* ContentView.swift */ = {isa = PBXFileReference; lastKnownFileType = sourcecode.swift; path = ContentView.swift; sourceTree = "<group>"; };
		900890D327ED4D61009C364D /* Assets.xcassets */ = {isa = PBXFileReference; lastKnownFileType = folder.assetcatalog; path = Assets.xcassets; sourceTree = "<group>"; };
		900890D827ED4D61009C364D /* 3ColumnPreviewCardComponent.app */ = {isa = PBXFileReference; explicitFileType = wrapper.application; includeInIndex = 0; path = 3ColumnPreviewCardComponent.app; sourceTree = BUILT_PRODUCTS_DIR; };
		900890DE27ED4D61009C364D /* 3ColumnPreviewCardComponent.app */ = {isa = PBXFileReference; explicitFileType = wrapper.application; includeInIndex = 0; path = 3ColumnPreviewCardComponent.app; sourceTree = BUILT_PRODUCTS_DIR; };
		900890E027ED4D61009C364D /* macOS.entitlements */ = {isa = PBXFileReference; lastKnownFileType = text.plist.entitlements; path = macOS.entitlements; sourceTree = "<group>"; };
		900890F027ED4E0B009C364D /* LexendDeca.ttf */ = {isa = PBXFileReference; lastKnownFileType = file; path = LexendDeca.ttf; sourceTree = "<group>"; };
		900890F227ED4E17009C364D /* BigShouldersDisplay.ttf */ = {isa = PBXFileReference; lastKnownFileType = file; path = BigShouldersDisplay.ttf; sourceTree = "<group>"; };
		900890F427ED4E2D009C364D /* -ColumnPreviewCardComponent--iOS--Info.plist */ = {isa = PBXFileReference; lastKnownFileType = text.plist; path = "-ColumnPreviewCardComponent--iOS--Info.plist"; sourceTree = "<group>"; };
		900890F627ED508E009C364D /* Container.swift */ = {isa = PBXFileReference; lastKnownFileType = sourcecode.swift; path = Container.swift; sourceTree = "<group>"; };
		900890F827ED50C0009C364D /* Item.swift */ = {isa = PBXFileReference; lastKnownFileType = sourcecode.swift; path = Item.swift; sourceTree = "<group>"; };
/* End PBXFileReference section */

/* Begin PBXFrameworksBuildPhase section */
		900890D527ED4D61009C364D /* Frameworks */ = {
			isa = PBXFrameworksBuildPhase;
			buildActionMask = 2147483647;
			files = (
			);
			runOnlyForDeploymentPostprocessing = 0;
		};
		900890DB27ED4D61009C364D /* Frameworks */ = {
			isa = PBXFrameworksBuildPhase;
			buildActionMask = 2147483647;
			files = (
			);
			runOnlyForDeploymentPostprocessing = 0;
		};
/* End PBXFrameworksBuildPhase section */

/* Begin PBXGroup section */
		900890CB27ED4D60009C364D = {
			isa = PBXGroup;
			children = (
				900890F427ED4E2D009C364D /* -ColumnPreviewCardComponent--iOS--Info.plist */,
				900890D027ED4D60009C364D /* Shared */,
				900890DF27ED4D61009C364D /* macOS */,
				900890D927ED4D61009C364D /* Products */,
			);
			sourceTree = "<group>";
		};
		900890D027ED4D60009C364D /* Shared */ = {
			isa = PBXGroup;
			children = (
				900890F527ED5082009C364D /* Components */,
				900890EF27ED4DF6009C364D /* Fonts */,
				900890D127ED4D60009C364D /* _ColumnPreviewCardComponentApp.swift */,
				900890D227ED4D60009C364D /* ContentView.swift */,
				900890D327ED4D61009C364D /* Assets.xcassets */,
			);
			path = Shared;
			sourceTree = "<group>";
		};
		900890D927ED4D61009C364D /* Products */ = {
			isa = PBXGroup;
			children = (
				900890D827ED4D61009C364D /* 3ColumnPreviewCardComponent.app */,
				900890DE27ED4D61009C364D /* 3ColumnPreviewCardComponent.app */,
			);
			name = Products;
			sourceTree = "<group>";
		};
		900890DF27ED4D61009C364D /* macOS */ = {
			isa = PBXGroup;
			children = (
				900890E027ED4D61009C364D /* macOS.entitlements */,
			);
			path = macOS;
			sourceTree = "<group>";
		};
		900890EF27ED4DF6009C364D /* Fonts */ = {
			isa = PBXGroup;
			children = (
				900890F227ED4E17009C364D /* BigShouldersDisplay.ttf */,
				900890F027ED4E0B009C364D /* LexendDeca.ttf */,
			);
			path = Fonts;
			sourceTree = "<group>";
		};
		900890F527ED5082009C364D /* Components */ = {
			isa = PBXGroup;
			children = (
				900890F627ED508E009C364D /* Container.swift */,
				900890F827ED50C0009C364D /* Item.swift */,
			);
			path = Components;
			sourceTree = "<group>";
		};
/* End PBXGroup section */

/* Begin PBXNativeTarget section */
		900890D727ED4D61009C364D /* 3ColumnPreviewCardComponent (iOS) */ = {
			isa = PBXNativeTarget;
			buildConfigurationList = 900890E927ED4D61009C364D /* Build configuration list for PBXNativeTarget "3ColumnPreviewCardComponent (iOS)" */;
			buildPhases = (
				900890D427ED4D61009C364D /* Sources */,
				900890D527ED4D61009C364D /* Frameworks */,
				900890D627ED4D61009C364D /* Resources */,
			);
			buildRules = (
			);
			dependencies = (
			);
			name = "3ColumnPreviewCardComponent (iOS)";
			productName = "3ColumnPreviewCardComponent (iOS)";
			productReference = 900890D827ED4D61009C364D /* 3ColumnPreviewCardComponent.app */;
			productType = "com.apple.product-type.application";
		};
		900890DD27ED4D61009C364D /* 3ColumnPreviewCardComponent (macOS) */ = {
			isa = PBXNativeTarget;
			buildConfigurationList = 900890EC27ED4D61009C364D /* Build configuration list for PBXNativeTarget "3ColumnPreviewCardComponent (macOS)" */;
			buildPhases = (
				900890DA27ED4D61009C364D /* Sources */,
				900890DB27ED4D61009C364D /* Frameworks */,
				900890DC27ED4D61009C364D /* Resources */,
			);
			buildRules = (
			);
			dependencies = (
			);
			name = "3ColumnPreviewCardComponent (macOS)";
			productName = "3ColumnPreviewCardComponent (macOS)";
			productReference = 900890DE27ED4D61009C364D /* 3ColumnPreviewCardComponent.app */;
			productType = "com.apple.product-type.application";
		};
/* End PBXNativeTarget section */

/* Begin PBXProject section */
		900890CC27ED4D60009C364D /* Project object */ = {
			isa = PBXProject;
			attributes = {
				BuildIndependentTargetsInParallel = 1;
				LastSwiftUpdateCheck = 1330;
				LastUpgradeCheck = 1330;
				TargetAttributes = {
					900890D727ED4D61009C364D = {
						CreatedOnToolsVersion = 13.3;
					};
					900890DD27ED4D61009C364D = {
						CreatedOnToolsVersion = 13.3;
					};
				};
			};
			buildConfigurationList = 900890CF27ED4D60009C364D /* Build configuration list for PBXProject "3ColumnPreviewCardComponent" */;
			compatibilityVersion = "Xcode 13.0";
			developmentRegion = en;
			hasScannedForEncodings = 0;
			knownRegions = (
				en,
				Base,
			);
			mainGroup = 900890CB27ED4D60009C364D;
			productRefGroup = 900890D927ED4D61009C364D /* Products */;
			projectDirPath = "";
			projectRoot = "";
			targets = (
				900890D727ED4D61009C364D /* 3ColumnPreviewCardComponent (iOS) */,
				900890DD27ED4D61009C364D /* 3ColumnPreviewCardComponent (macOS) */,
			);
		};
/* End PBXProject section */

/* Begin PBXResourcesBuildPhase section */
		900890D627ED4D61009C364D /* Resources */ = {
			isa = PBXResourcesBuildPhase;
			buildActionMask = 2147483647;
			files = (
				900890F327ED4E17009C364D /* BigShouldersDisplay.ttf in Resources */,
				900890E527ED4D61009C364D /* Assets.xcassets in Resources */,
				900890F127ED4E0B009C364D /* LexendDeca.ttf in Resources */,
			);
			runOnlyForDeploymentPostprocessing = 0;
		};
		900890DC27ED4D61009C364D /* Resources */ = {
			isa = PBXResourcesBuildPhase;
			buildActionMask = 2147483647;
			files = (
				900890E627ED4D61009C364D /* Assets.xcassets in Resources */,
			);
			runOnlyForDeploymentPostprocessing = 0;
		};
/* End PBXResourcesBuildPhase section */

/* Begin PBXSourcesBuildPhase section */
		900890D427ED4D61009C364D /* Sources */ = {
			isa = PBXSourcesBuildPhase;
			buildActionMask = 2147483647;
			files = (
				900890F927ED50C0009C364D /* Item.swift in Sources */,
				900890E327ED4D61009C364D /* ContentView.swift in Sources */,
				900890F727ED508E009C364D /* Container.swift in Sources */,
				900890E127ED4D61009C364D /* _ColumnPreviewCardComponentApp.swift in Sources */,
			);
			runOnlyForDeploymentPostprocessing = 0;
		};
		900890DA27ED4D61009C364D /* Sources */ = {
			isa = PBXSourcesBuildPhase;
			buildActionMask = 2147483647;
			files = (
				900890E427ED4D61009C364D /* ContentView.swift in Sources */,
				900890E227ED4D61009C364D /* _ColumnPreviewCardComponentApp.swift in Sources */,
			);
			runOnlyForDeploymentPostprocessing = 0;
		};
/* End PBXSourcesBuildPhase section */

/* Begin XCBuildConfiguration section */
		900890E727ED4D61009C364D /* Debug */ = {
			isa = XCBuildConfiguration;
			buildSettings = {
				ALWAYS_SEARCH_USER_PATHS = NO;
				CLANG_ANALYZER_NONNULL = YES;
				CLANG_ANALYZER_NUMBER_OBJECT_CONVERSION = YES_AGGRESSIVE;
				CLANG_CXX_LANGUAGE_STANDARD = "gnu++17";
				CLANG_ENABLE_MODULES = YES;
				CLANG_ENABLE_OBJC_ARC = YES;
				CLANG_ENABLE_OBJC_WEAK = YES;
				CLANG_WARN_BLOCK_CAPTURE_AUTORELEASING = YES;
				CLANG_WARN_BOOL_CONVERSION = YES;
				CLANG_WARN_COMMA = YES;
				CLANG_WARN_CONSTANT_CONVERSION = YES;
				CLANG_WARN_DEPRECATED_OBJC_IMPLEMENTATIONS = YES;
				CLANG_WARN_DIRECT_OBJC_ISA_USAGE = YES_ERROR;
				CLANG_WARN_DOCUMENTATION_COMMENTS = YES;
				CLANG_WARN_EMPTY_BODY = YES;
				CLANG_WARN_ENUM_CONVERSION = YES;
				CLANG_WARN_INFINITE_RECURSION = YES;
				CLANG_WARN_INT_CONVERSION = YES;
				CLANG_WARN_NON_LITERAL_NULL_CONVERSION = YES;
				CLANG_WARN_OBJC_IMPLICIT_RETAIN_SELF = YES;
				CLANG_WARN_OBJC_LITERAL_CONVERSION = YES;
				CLANG_WARN_OBJC_ROOT_CLASS = YES_ERROR;
				CLANG_WARN_QUOTED_INCLUDE_IN_FRAMEWORK_HEADER = YES;
				CLANG_WARN_RANGE_LOOP_ANALYSIS = YES;
				CLANG_WARN_STRICT_PROTOTYPES = YES;
				CLANG_WARN_SUSPICIOUS_MOVE = YES;
				CLANG_WARN_UNGUARDED_AVAILABILITY = YES_AGGRESSIVE;
				CLANG_WARN_UNREACHABLE_CODE = YES;
				CLANG_WARN__DUPLICATE_METHOD_MATCH = YES;
				COPY_PHASE_STRIP = NO;
				DEBUG_INFORMATION_FORMAT = dwarf;
				ENABLE_STRICT_OBJC_MSGSEND = YES;
				ENABLE_TESTABILITY = YES;
				GCC_C_LANGUAGE_STANDARD = gnu11;
				GCC_DYNAMIC_NO_PIC = NO;
				GCC_NO_COMMON_BLOCKS = YES;
				GCC_OPTIMIZATION_LEVEL = 0;
				GCC_PREPROCESSOR_DEFINITIONS = (
					"DEBUG=1",
					"$(inherited)",
				);
				GCC_WARN_64_TO_32_BIT_CONVERSION = YES;
				GCC_WARN_ABOUT_RETURN_TYPE = YES_ERROR;
				GCC_WARN_UNDECLARED_SELECTOR = YES;
				GCC_WARN_UNINITIALIZED_AUTOS = YES_AGGRESSIVE;
				GCC_WARN_UNUSED_FUNCTION = YES;
				GCC_WARN_UNUSED_VARIABLE = YES;
				IPHONEOS_DEPLOYMENT_TARGET = 15.4;
				MACOSX_DEPLOYMENT_TARGET = 12.3;
				MTL_ENABLE_DEBUG_INFO = INCLUDE_SOURCE;
				MTL_FAST_MATH = YES;
				ONLY_ACTIVE_ARCH = YES;
				SWIFT_ACTIVE_COMPILATION_CONDITIONS = DEBUG;
				SWIFT_OPTIMIZATION_LEVEL = "-Onone";
			};
			name = Debug;
		};
		900890E827ED4D61009C364D /* Release */ = {
			isa = XCBuildConfiguration;
			buildSettings = {
				ALWAYS_SEARCH_USER_PATHS = NO;
				CLANG_ANALYZER_NONNULL = YES;
				CLANG_ANALYZER_NUMBER_OBJECT_CONVERSION = YES_AGGRESSIVE;
				CLANG_CXX_LANGUAGE_STANDARD = "gnu++17";
				CLANG_ENABLE_MODULES = YES;
				CLANG_ENABLE_OBJC_ARC = YES;
				CLANG_ENABLE_OBJC_WEAK = YES;
				CLANG_WARN_BLOCK_CAPTURE_AUTORELEASING = YES;
				CLANG_WARN_BOOL_CONVERSION = YES;
				CLANG_WARN_COMMA = YES;
				CLANG_WARN_CONSTANT_CONVERSION = YES;
				CLANG_WARN_DEPRECATED_OBJC_IMPLEMENTATIONS = YES;
				CLANG_WARN_DIRECT_OBJC_ISA_USAGE = YES_ERROR;
				CLANG_WARN_DOCUMENTATION_COMMENTS = YES;
				CLANG_WARN_EMPTY_BODY = YES;
				CLANG_WARN_ENUM_CONVERSION = YES;
				CLANG_WARN_INFINITE_RECURSION = YES;
				CLANG_WARN_INT_CONVERSION = YES;
				CLANG_WARN_NON_LITERAL_NULL_CONVERSION = YES;
				CLANG_WARN_OBJC_IMPLICIT_RETAIN_SELF = YES;
				CLANG_WARN_OBJC_LITERAL_CONVERSION = YES;
				CLANG_WARN_OBJC_ROOT_CLASS = YES_ERROR;
				CLANG_WARN_QUOTED_INCLUDE_IN_FRAMEWORK_HEADER = YES;
				CLANG_WARN_RANGE_LOOP_ANALYSIS = YES;
				CLANG_WARN_STRICT_PROTOTYPES = YES;
				CLANG_WARN_SUSPICIOUS_MOVE = YES;
				CLANG_WARN_UNGUARDED_AVAILABILITY = YES_AGGRESSIVE;
				CLANG_WARN_UNREACHABLE_CODE = YES;
				CLANG_WARN__DUPLICATE_METHOD_MATCH = YES;
				COPY_PHASE_STRIP = NO;
				DEBUG_INFORMATION_FORMAT = "dwarf-with-dsym";
				ENABLE_NS_ASSERTIONS = NO;
				ENABLE_STRICT_OBJC_MSGSEND = YES;
				GCC_C_LANGUAGE_STANDARD = gnu11;
				GCC_NO_COMMON_BLOCKS = YES;
				GCC_WARN_64_TO_32_BIT_CONVERSION = YES;
				GCC_WARN_ABOUT_RETURN_TYPE = YES_ERROR;
				GCC_WARN_UNDECLARED_SELECTOR = YES;
				GCC_WARN_UNINITIALIZED_AUTOS = YES_AGGRESSIVE;
				GCC_WARN_UNUSED_FUNCTION = YES;
				GCC_WARN_UNUSED_VARIABLE = YES;
				IPHONEOS_DEPLOYMENT_TARGET = 15.4;
				MACOSX_DEPLOYMENT_TARGET = 12.3;
				MTL_ENABLE_DEBUG_INFO = NO;
				MTL_FAST_MATH = YES;
				SWIFT_COMPILATION_MODE = wholemodule;
				SWIFT_OPTIMIZATION_LEVEL = "-O";
			};
			name = Release;
		};
		900890EA27ED4D61009C364D /* Debug */ = {
			isa = XCBuildConfiguration;
			buildSettings = {
				ASSETCATALOG_COMPILER_APPICON_NAME = AppIcon;
				ASSETCATALOG_COMPILER_GLOBAL_ACCENT_COLOR_NAME = AccentColor;
				CODE_SIGN_STYLE = Automatic;
				CURRENT_PROJECT_VERSION = 1;
				DEVELOPMENT_TEAM = 862P2X6G9G;
				ENABLE_PREVIEWS = YES;
				GENERATE_INFOPLIST_FILE = YES;
				INFOPLIST_FILE = "-ColumnPreviewCardComponent--iOS--Info.plist";
				INFOPLIST_KEY_UIApplicationSceneManifest_Generation = YES;
				INFOPLIST_KEY_UIApplicationSupportsIndirectInputEvents = YES;
				INFOPLIST_KEY_UILaunchScreen_Generation = YES;
				INFOPLIST_KEY_UISupportedInterfaceOrientations_iPad = "UIInterfaceOrientationPortrait UIInterfaceOrientationPortraitUpsideDown UIInterfaceOrientationLandscapeLeft UIInterfaceOrientationLandscapeRight";
				INFOPLIST_KEY_UISupportedInterfaceOrientations_iPhone = "UIInterfaceOrientationPortrait UIInterfaceOrientationLandscapeLeft UIInterfaceOrientationLandscapeRight";
				IPHONEOS_DEPLOYMENT_TARGET = 15.4;
				LD_RUNPATH_SEARCH_PATHS = (
					"$(inherited)",
					"@executable_path/Frameworks",
				);
				MARKETING_VERSION = 1.0;
				PRODUCT_BUNDLE_IDENTIFIER = "me.jinwook.kim.-ColumnPreviewCardComponent";
				PRODUCT_NAME = 3ColumnPreviewCardComponent;
				SDKROOT = iphoneos;
				SWIFT_EMIT_LOC_STRINGS = YES;
				SWIFT_VERSION = 5.0;
				TARGETED_DEVICE_FAMILY = "1,2";
			};
			name = Debug;
		};
		900890EB27ED4D61009C364D /* Release */ = {
			isa = XCBuildConfiguration;
			buildSettings = {
				ASSETCATALOG_COMPILER_APPICON_NAME = AppIcon;
				ASSETCATALOG_COMPILER_GLOBAL_ACCENT_COLOR_NAME = AccentColor;
				CODE_SIGN_STYLE = Automatic;
				CURRENT_PROJECT_VERSION = 1;
				DEVELOPMENT_TEAM = 862P2X6G9G;
				ENABLE_PREVIEWS = YES;
				GENERATE_INFOPLIST_FILE = YES;
				INFOPLIST_FILE = "-ColumnPreviewCardComponent--iOS--Info.plist";
				INFOPLIST_KEY_UIApplicationSceneManifest_Generation = YES;
				INFOPLIST_KEY_UIApplicationSupportsIndirectInputEvents = YES;
				INFOPLIST_KEY_UILaunchScreen_Generation = YES;
				INFOPLIST_KEY_UISupportedInterfaceOrientations_iPad = "UIInterfaceOrientationPortrait UIInterfaceOrientationPortraitUpsideDown UIInterfaceOrientationLandscapeLeft UIInterfaceOrientationLandscapeRight";
				INFOPLIST_KEY_UISupportedInterfaceOrientations_iPhone = "UIInterfaceOrientationPortrait UIInterfaceOrientationLandscapeLeft UIInterfaceOrientationLandscapeRight";
				IPHONEOS_DEPLOYMENT_TARGET = 15.4;
				LD_RUNPATH_SEARCH_PATHS = (
					"$(inherited)",
					"@executable_path/Frameworks",
				);
				MARKETING_VERSION = 1.0;
				PRODUCT_BUNDLE_IDENTIFIER = "me.jinwook.kim.-ColumnPreviewCardComponent";
				PRODUCT_NAME = 3ColumnPreviewCardComponent;
				SDKROOT = iphoneos;
				SWIFT_EMIT_LOC_STRINGS = YES;
				SWIFT_VERSION = 5.0;
				TARGETED_DEVICE_FAMILY = "1,2";
				VALIDATE_PRODUCT = YES;
			};
			name = Release;
		};
		900890ED27ED4D61009C364D /* Debug */ = {
			isa = XCBuildConfiguration;
			buildSettings = {
				ASSETCATALOG_COMPILER_APPICON_NAME = AppIcon;
				ASSETCATALOG_COMPILER_GLOBAL_ACCENT_COLOR_NAME = AccentColor;
				CODE_SIGN_ENTITLEMENTS = macOS/macOS.entitlements;
				CODE_SIGN_STYLE = Automatic;
				COMBINE_HIDPI_IMAGES = YES;
				CURRENT_PROJECT_VERSION = 1;
				DEVELOPMENT_TEAM = 862P2X6G9G;
				ENABLE_HARDENED_RUNTIME = YES;
				ENABLE_PREVIEWS = YES;
				GENERATE_INFOPLIST_FILE = YES;
				INFOPLIST_KEY_NSHumanReadableCopyright = "";
				LD_RUNPATH_SEARCH_PATHS = (
					"$(inherited)",
					"@executable_path/../Frameworks",
				);
				MACOSX_DEPLOYMENT_TARGET = 12.3;
				MARKETING_VERSION = 1.0;
				PRODUCT_BUNDLE_IDENTIFIER = "me.jinwook.kim.-ColumnPreviewCardComponent";
				PRODUCT_NAME = 3ColumnPreviewCardComponent;
				SDKROOT = macosx;
				SWIFT_EMIT_LOC_STRINGS = YES;
				SWIFT_VERSION = 5.0;
			};
			name = Debug;
		};
		900890EE27ED4D61009C364D /* Release */ = {
			isa = XCBuildConfiguration;
			buildSettings = {
				ASSETCATALOG_COMPILER_APPICON_NAME = AppIcon;
				ASSETCATALOG_COMPILER_GLOBAL_ACCENT_COLOR_NAME = AccentColor;
				CODE_SIGN_ENTITLEMENTS = macOS/macOS.entitlements;
				CODE_SIGN_STYLE = Automatic;
				COMBINE_HIDPI_IMAGES = YES;
				CURRENT_PROJECT_VERSION = 1;
				DEVELOPMENT_TEAM = 862P2X6G9G;
				ENABLE_HARDENED_RUNTIME = YES;
				ENABLE_PREVIEWS = YES;
				GENERATE_INFOPLIST_FILE = YES;
				INFOPLIST_KEY_NSHumanReadableCopyright = "";
				LD_RUNPATH_SEARCH_PATHS = (
					"$(inherited)",
					"@executable_path/../Frameworks",
				);
				MACOSX_DEPLOYMENT_TARGET = 12.3;
				MARKETING_VERSION = 1.0;
				PRODUCT_BUNDLE_IDENTIFIER = "me.jinwook.kim.-ColumnPreviewCardComponent";
				PRODUCT_NAME = 3ColumnPreviewCardComponent;
				SDKROOT = macosx;
				SWIFT_EMIT_LOC_STRINGS = YES;
				SWIFT_VERSION = 5.0;
			};
			name = Release;
		};
/* End XCBuildConfiguration section */

/* Begin XCConfigurationList section */
		900890CF27ED4D60009C364D /* Build configuration list for PBXProject "3ColumnPreviewCardComponent" */ = {
			isa = XCConfigurationList;
			buildConfigurations = (
				900890E727ED4D61009C364D /* Debug */,
				900890E827ED4D61009C364D /* Release */,
			);
			defaultConfigurationIsVisible = 0;
			defaultConfigurationName = Release;
		};
		900890E927ED4D61009C364D /* Build configuration list for PBXNativeTarget "3ColumnPreviewCardComponent (iOS)" */ = {
			isa = XCConfigurationList;
			buildConfigurations = (
				900890EA27ED4D61009C364D /* Debug */,
				900890EB27ED4D61009C364D /* Release */,
			);
			defaultConfigurationIsVisible = 0;
			defaultConfigurationName = Release;
		};
		900890EC27ED4D61009C364D /* Build configuration list for PBXNativeTarget "3ColumnPreviewCardComponent (macOS)" */ = {
			isa = XCConfigurationList;
			buildConfigurations = (
				900890ED27ED4D61009C364D /* Debug */,
				900890EE27ED4D61009C364D /* Release */,
			);
			defaultConfigurationIsVisible = 0;
			defaultConfigurationName = Release;
		};
/* End XCConfigurationList section */
	};
	rootObject = 900890CC27ED4D60009C364D /* Project object */;
}
